
Microsoft Visual Studio Solution File, Format Version 12.00
# Visual Studio Version 17
VisualStudioVersion = 17.14.36930.0
MinimumVisualStudioVersion = 10.0.40219.1
Project("{FAE04EC0-301F-11D3-BF4B-00C04F79EFBC}") = "Avalonia_todo_tutorial", "Avalonia-todo-tutorial\Avalonia_todo_tutorial.csproj", "{15D11063-0A3D-464D-A98E-CAFDEC38517B}"
EndProject
Global
	GlobalSection(SolutionConfigurationPlatforms) = preSolution
		Debug|Any CPU = Debug|Any CPU
		Release|Any CPU = Release|Any CPU
	EndGlobalSection
	GlobalSection(ProjectConfigurationPlatforms) = postSolution
		{15D11063-0A3D-464D-A98E-CAFDEC38517B}.Debug|Any CPU.ActiveCfg = Debug|Any CPU
		{15D11063-0A3D-464D-A98E-CAFDEC38517B}.Debug|Any CPU.Build.0 = Debug|Any CPU
		{15D11063-0A3D-464D-A98E-CAFDEC38517B}.Release|Any CPU.ActiveCfg = Release|Any CPU
		{15D11063-0A3D-464D-A98E-CAFDEC38517B}.Release|Any CPU.Build.0 = Release|Any CPU
	EndGlobalSection
	GlobalSection(SolutionProperties) = preSolution
		HideSolutionNode = FALSE
	EndGlobalSection
	GlobalSection(ExtensibilityGlobals) = postSolution
		SolutionGuid = {01ACB23C-B266-49E4-9D5B-E1C21D24DD5E}
	EndGlobalSection
EndGlobal
